
Microsoft Visual Studio Solution File, Format Version 12.00
# Visual Studio Version 17
VisualStudioVersion = 17.5.33530.505
MinimumVisualStudioVersion = 10.0.40219.1
Project("{FAE04EC0-301F-11D3-BF4B-00C04F79EFBC}") = "FurryFeast", "FurryFeast\FurryFeast.csproj", "{4D575BBA-B04A-4A8F-B6F3-8B2D61134F8B}"
EndProject
Global
	GlobalSection(SolutionConfigurationPlatforms) = preSolution
		Debug|Any CPU = Debug|Any CPU
		Release|Any CPU = Release|Any CPU
	EndGlobalSection
	GlobalSection(ProjectConfigurationPlatforms) = postSolution
		{4D575BBA-B04A-4A8F-B6F3-8B2D61134F8B}.Debug|Any CPU.ActiveCfg = Debug|Any CPU
		{4D575BBA-B04A-4A8F-B6F3-8B2D61134F8B}.Debug|Any CPU.Build.0 = Debug|Any CPU
		{4D575BBA-B04A-4A8F-B6F3-8B2D61134F8B}.Release|Any CPU.ActiveCfg = Release|Any CPU
		{4D575BBA-B04A-4A8F-B6F3-8B2D61134F8B}.Release|Any CPU.Build.0 = Release|Any CPU
	EndGlobalSection
	GlobalSection(SolutionProperties) = preSolution
		HideSolutionNode = FALSE
	EndGlobalSection
	GlobalSection(ExtensibilityGlobals) = postSolution
		SolutionGuid = {F1A710E5-C246-411E-B721-36462C96EABD}
	EndGlobalSection
EndGlobal
